// !$*UTF8*$!
{
	archiveVersion = 1;
	classes = {
	};
	objectVersion = 77;
	objects = {

/* Begin PBXBuildFile section */
		28A712863033DEFD00964C50 /* WestminsterLunch Watch App.app in Embed Watch Content */ = {isa = PBXBuildFile; fileRef = 28A712853033DEFD00964C50 /* WestminsterLunch Watch App.app */; settings = {ATTRIBUTES = (RemoveHeadersOnCopy, ); }; };
		28A712A03033DF5900964C50 /* WidgetKit.framework in Frameworks */ = {isa = PBXBuildFile; fileRef = 28A7129F3033DF5900964C50 /* WidgetKit.framework */; };
		28A712A23033DF5900964C50 /* SwiftUI.framework in Frameworks */ = {isa = PBXBuildFile; fileRef = 28A712A13033DF5900964C50 /* SwiftUI.framework */; };
		28A712AF3033DF5C00964C50 /* MaloneWidgetExtension.appex in Embed Foundation Extensions */ = {isa = PBXBuildFile; fileRef = 28A7129D3033DF5900964C50 /* MaloneWidgetExtension.appex */; settings = {ATTRIBUTES = (RemoveHeadersOnCopy, ); }; };
/* End PBXBuildFile section */

/* Begin PBXContainerItemProxy section */
		28A712873033DEFD00964C50 /* PBXContainerItemProxy */ = {
			isa = PBXContainerItemProxy;
			containerPortal = 28A712793033DEFD00964C50 /* Project object */;
			proxyType = 1;
			remoteGlobalIDString = 28A712843033DEFD00964C50;
			remoteInfo = "WestminsterLunch Watch App";
		};
		28A712AD3033DF5C00964C50 /* PBXContainerItemProxy */ = {
			isa = PBXContainerItemProxy;
			containerPortal = 28A712793033DEFD00964C50 /* Project object */;
			proxyType = 1;
			remoteGlobalIDString = 28A7129C3033DF5900964C50;
			remoteInfo = MaloneWidgetExtension;
		};
/* End PBXContainerItemProxy section */

/* Begin PBXCopyFilesBuildPhase section */
		28A712953033DF0000964C50 /* Embed Watch Content */ = {
			isa = PBXCopyFilesBuildPhase;
			buildActionMask = 2147483647;
			dstPath = "$(CONTENTS_FOLDER_PATH)/Watch";
			dstSubfolderSpec = 16;
			files = (
				28A712863033DEFD00964C50 /* WestminsterLunch Watch App.app in Embed Watch Content */,
			);
			name = "Embed Watch Content";
			runOnlyForDeploymentPostprocessing = 0;
		};
		28A712B43033DF5C00964C50 /* Embed Foundation Extensions */ = {
			isa = PBXCopyFilesBuildPhase;
			buildActionMask = 2147483647;
			dstPath = "";
			dstSubfolderSpec = 13;
			files = (
				28A712AF3033DF5C00964C50 /* MaloneWidgetExtension.appex in Embed Foundation Extensions */,
			);
			name = "Embed Foundation Extensions";
			runOnlyForDeploymentPostprocessing = 0;
		};
/* End PBXCopyFilesBuildPhase section */

/* Begin PBXFileReference section */
		28A7127F3033DEFD00964C50 /* WestminsterLunch.app */ = {isa = PBXFileReference; explicitFileType = wrapper.application; includeInIndex = 0; path = WestminsterLunch.app; sourceTree = BUILT_PRODUCTS_DIR; };
		28A712853033DEFD00964C50 /* WestminsterLunch Watch App.app */ = {isa = PBXFileReference; explicitFileType = wrapper.application; includeInIndex = 0; path = "WestminsterLunch Watch App.app"; sourceTree = BUILT_PRODUCTS_DIR; };
		28A7129D3033DF5900964C50 /* MaloneWidgetExtension.appex */ = {isa = PBXFileReference; explicitFileType = "wrapper.app-extension"; includeInIndex = 0; path = MaloneWidgetExtension.appex; sourceTree = BUILT_PRODUCTS_DIR; };
		28A7129F3033DF5900964C50 /* WidgetKit.framework */ = {isa = PBXFileReference; lastKnownFileType = wrapper.framework; name = WidgetKit.framework; path = System/Library/Frameworks/WidgetKit.framework; sourceTree = SDKROOT; };
		28A712A13033DF5900964C50 /* SwiftUI.framework */ = {isa = PBXFileReference; lastKnownFileType = wrapper.framework; name = SwiftUI.framework; path = System/Library/Frameworks/SwiftUI.framework; sourceTree = SDKROOT; };
		28A712B63033E24B00964C50 /* MaloneWidgetExtension.entitlements */ = {isa = PBXFileReference; lastKnownFileType = text.plist.entitlements; path = MaloneWidgetExtension.entitlements; sourceTree = "<group>"; };
/* End PBXFileReference section */

/* Begin PBXFileSystemSynchronizedBuildFileExceptionSet section */
		28A712B03033DF5C00964C50 /* Exceptions for "MaloneWidget" folder in "MaloneWidgetExtension" target */ = {
			isa = PBXFileSystemSynchronizedBuildFileExceptionSet;
			membershipExceptions = (
				Info.plist,
			);
			target = 28A7129C3033DF5900964C50 /* MaloneWidgetExtension */;
		};
/* End PBXFileSystemSynchronizedBuildFileExceptionSet section */

/* Begin PBXFileSystemSynchronizedRootGroup section */
		28A712893033DEFD00964C50 /* WestminsterLunch Watch App */ = {
			isa = PBXFileSystemSynchronizedRootGroup;
			path = "WestminsterLunch Watch App";
			sourceTree = "<group>";
		};
		28A712A33033DF5900964C50 /* MaloneWidget */ = {
			isa = PBXFileSystemSynchronizedRootGroup;
			exceptions = (
				28A712B03033DF5C00964C50 /* Exceptions for "MaloneWidget" folder in "MaloneWidgetExtension" target */,
			);
			path = MaloneWidget;
			sourceTree = "<group>";
		};
/* End PBXFileSystemSynchronizedRootGroup section */

/* Begin PBXFrameworksBuildPhase section */
		28A712823033DEFD00964C50 /* Frameworks */ = {
			isa = PBXFrameworksBuildPhase;
			buildActionMask = 2147483647;
			files = (
			);
			runOnlyForDeploymentPostprocessing = 0;
		};
		28A7129A3033DF5900964C50 /* Frameworks */ = {
			isa = PBXFrameworksBuildPhase;
			buildActionMask = 2147483647;
			files = (
				28A712A23033DF5900964C50 /* SwiftUI.framework in Frameworks */,
				28A712A03033DF5900964C50 /* WidgetKit.framework in Frameworks */,
			);
			runOnlyForDeploymentPostprocessing = 0;
		};
/* End PBXFrameworksBuildPhase section */

/* Begin PBXGroup section */
		28A712783033DEFD00964C50 = {
			isa = PBXGroup;
			children = (
				28A712B63033E24B00964C50 /* MaloneWidgetExtension.entitlements */,
				28A712893033DEFD00964C50 /* WestminsterLunch Watch App */,
				28A712A33033DF5900964C50 /* MaloneWidget */,
				28A7129E3033DF5900964C50 /* Frameworks */,
				28A712803033DEFD00964C50 /* Products */,
			);
			sourceTree = "<group>";
		};
		28A712803033DEFD00964C50 /* Products */ = {
			isa = PBXGroup;
			children = (
				28A7127F3033DEFD00964C50 /* WestminsterLunch.app */,
				28A712853033DEFD00964C50 /* WestminsterLunch Watch App.app */,
				28A7129D3033DF5900964C50 /* MaloneWidgetExtension.appex */,
			);
			name = Products;
			sourceTree = "<group>";
		};
		28A7129E3033DF5900964C50 /* Frameworks */ = {
			isa = PBXGroup;
			children = (
				28A7129F3033DF5900964C50 /* WidgetKit.framework */,
				28A712A13033DF5900964C50 /* SwiftUI.framework */,
			);
			name = Frameworks;
			sourceTree = "<group>";
		};
/* End PBXGroup section */

/* Begin PBXNativeTarget section */
		28A7127E3033DEFD00964C50 /* WestminsterLunch */ = {
			isa = PBXNativeTarget;
			buildConfigurationList = 28A712963033DF0000964C50 /* Build configuration list for PBXNativeTarget "WestminsterLunch" */;
			buildPhases = (
				28A7127D3033DEFD00964C50 /* Resources */,
				28A712953033DF0000964C50 /* Embed Watch Content */,
			);
			buildRules = (
			);
			dependencies = (
				28A712883033DEFD00964C50 /* PBXTargetDependency */,
			);
			name = WestminsterLunch;
			packageProductDependencies = (
			);
			productName = WestminsterLunch;
			productReference = 28A7127F3033DEFD00964C50 /* WestminsterLunch.app */;
			productType = "com.apple.product-type.application.watchapp2-container";
		};
		28A712843033DEFD00964C50 /* WestminsterLunch Watch App */ = {
			isa = PBXNativeTarget;
			buildConfigurationList = 28A712923033DF0000964C50 /* Build configuration list for PBXNativeTarget "WestminsterLunch Watch App" */;
			buildPhases = (
				28A712813033DEFD00964C50 /* Sources */,
				28A712823033DEFD00964C50 /* Frameworks */,
				28A712833033DEFD00964C50 /* Resources */,
				28A712B43033DF5C00964C50 /* Embed Foundation Extensions */,
			);
			buildRules = (
			);
			dependencies = (
				28A712AE3033DF5C00964C50 /* PBXTargetDependency */,
			);
			fileSystemSynchronizedGroups = (
				28A712893033DEFD00964C50 /* WestminsterLunch Watch App */,
			);
			name = "WestminsterLunch Watch App";
			packageProductDependencies = (
			);
			productName = "WestminsterLunch Watch App";
			productReference = 28A712853033DEFD00964C50 /* WestminsterLunch Watch App.app */;
			productType = "com.apple.product-type.application";
		};
		28A7129C3033DF5900964C50 /* MaloneWidgetExtension */ = {
			isa = PBXNativeTarget;
			buildConfigurationList = 28A712B13033DF5C00964C50 /* Build configuration list for PBXNativeTarget "MaloneWidgetExtension" */;
			buildPhases = (
				28A712993033DF5900964C50 /* Sources */,
				28A7129A3033DF5900964C50 /* Frameworks */,
				28A7129B3033DF5900964C50 /* Resources */,
			);
			buildRules = (
			);
			dependencies = (
			);
			fileSystemSynchronizedGroups = (
				28A712A33033DF5900964C50 /* MaloneWidget */,
			);
			name = MaloneWidgetExtension;
			packageProductDependencies = (
			);
			productName = MaloneWidgetExtension;
			productReference = 28A7129D3033DF5900964C50 /* MaloneWidgetExtension.appex */;
			productType = "com.apple.product-type.app-extension";
		};
/* End PBXNativeTarget section */

/* Begin PBXProject section */
		28A712793033DEFD00964C50 /* Project object */ = {
			isa = PBXProject;
			attributes = {
				BuildIndependentTargetsInParallel = 1;
				LastSwiftUpdateCheck = 2650;
				LastUpgradeCheck = 2650;
				TargetAttributes = {
					28A7127E3033DEFD00964C50 = {
						CreatedOnToolsVersion = 26.5;
					};
					28A712843033DEFD00964C50 = {
						CreatedOnToolsVersion = 26.5;
					};
					28A7129C3033DF5900964C50 = {
						CreatedOnToolsVersion = 26.5;
					};
				};
			};
			buildConfigurationList = 28A7127C3033DEFD00964C50 /* Build configuration list for PBXProject "WestminsterLunch" */;
			developmentRegion = en;
			hasScannedForEncodings = 0;
			knownRegions = (
				en,
				Base,
			);
			mainGroup = 28A712783033DEFD00964C50;
			minimizedProjectReferenceProxies = 1;
			preferredProjectObjectVersion = 77;
			productRefGroup = 28A712803033DEFD00964C50 /* Products */;
			projectDirPath = "";
			projectRoot = "";
			targets = (
				28A7127E3033DEFD00964C50 /* WestminsterLunch */,
				28A712843033DEFD00964C50 /* WestminsterLunch Watch App */,
				28A7129C3033DF5900964C50 /* MaloneWidgetExtension */,
			);
		};
/* End PBXProject section */

/* Begin PBXResourcesBuildPhase section */
		28A7127D3033DEFD00964C50 /* Resources */ = {
			isa = PBXResourcesBuildPhase;
			buildActionMask = 2147483647;
			files = (
			);
			runOnlyForDeploymentPostprocessing = 0;
		};
		28A712833033DEFD00964C50 /* Resources */ = {
			isa = PBXResourcesBuildPhase;
			buildActionMask = 2147483647;
			files = (
			);
			runOnlyForDeploymentPostprocessing = 0;
		};
		28A7129B3033DF5900964C50 /* Resources */ = {
			isa = PBXResourcesBuildPhase;
			buildActionMask = 2147483647;
			files = (
			);
			runOnlyForDeploymentPostprocessing = 0;
		};
/* End PBXResourcesBuildPhase section */

/* Begin PBXSourcesBuildPhase section */
		28A712813033DEFD00964C50 /* Sources */ = {
			isa = PBXSourcesBuildPhase;
			buildActionMask = 2147483647;
			files = (
			);
			runOnlyForDeploymentPostprocessing = 0;
		};
		28A712993033DF5900964C50 /* Sources */ = {
			isa = PBXSourcesBuildPhase;
			buildActionMask = 2147483647;
			files = (
			);
			runOnlyForDeploymentPostprocessing = 0;
		};
/* End PBXSourcesBuildPhase section */

/* Begin PBXTargetDependency section */
		28A712883033DEFD00964C50 /* PBXTargetDependency */ = {
			isa = PBXTargetDependency;
			target = 28A712843033DEFD00964C50 /* WestminsterLunch Watch App */;
			targetProxy = 28A712873033DEFD00964C50 /* PBXContainerItemProxy */;
		};
		28A712AE3033DF5C00964C50 /* PBXTargetDependency */ = {
			isa = PBXTargetDependency;
			target = 28A7129C3033DF5900964C50 /* MaloneWidgetExtension */;
			targetProxy = 28A712AD3033DF5C00964C50 /* PBXContainerItemProxy */;
		};
/* End PBXTargetDependency section */

/* Begin XCBuildConfiguration section */
		28A712903033DF0000964C50 /* Debug */ = {
			isa = XCBuildConfiguration;
			buildSettings = {
				ALWAYS_SEARCH_USER_PATHS = NO;
				ASSETCATALOG_COMPILER_GENERATE_SWIFT_ASSET_SYMBOL_EXTENSIONS = YES;
				CLANG_ANALYZER_NONNULL = YES;
				CLANG_ANALYZER_NUMBER_OBJECT_CONVERSION = YES_AGGRESSIVE;
				CLANG_CXX_LANGUAGE_STANDARD = "gnu++20";
				CLANG_ENABLE_MODULES = YES;
				CLANG_ENABLE_OBJC_ARC = YES;
				CLANG_ENABLE_OBJC_WEAK = YES;
				CLANG_WARN_BLOCK_CAPTURE_AUTORELEASING = YES;
				CLANG_WARN_BOOL_CONVERSION = YES;
				CLANG_WARN_COMMA = YES;
				CLANG_WARN_CONSTANT_CONVERSION = YES;
				CLANG_WARN_DEPRECATED_OBJC_IMPLEMENTATIONS = YES;
				CLANG_WARN_DIRECT_OBJC_ISA_USAGE = YES_ERROR;
				CLANG_WARN_DOCUMENTATION_COMMENTS = YES;
				CLANG_WARN_EMPTY_BODY = YES;
				CLANG_WARN_ENUM_CONVERSION = YES;
				CLANG_WARN_INFINITE_RECURSION = YES;
				CLANG_WARN_INT_CONVERSION = YES;
				CLANG_WARN_NON_LITERAL_NULL_CONVERSION = YES;
				CLANG_WARN_OBJC_IMPLICIT_RETAIN_SELF = YES;
				CLANG_WARN_OBJC_LITERAL_CONVERSION = YES;
				CLANG_WARN_OBJC_ROOT_CLASS = YES_ERROR;
				CLANG_WARN_QUOTED_INCLUDE_IN_FRAMEWORK_HEADER = YES;
				CLANG_WARN_RANGE_LOOP_ANALYSIS = YES;
				CLANG_WARN_STRICT_PROTOTYPES = YES;
				CLANG_WARN_SUSPICIOUS_MOVE = YES;
				CLANG_WARN_UNGUARDED_AVAILABILITY = YES_AGGRESSIVE;
				CLANG_WARN_UNREACHABLE_CODE = YES;
				CLANG_WARN__DUPLICATE_METHOD_MATCH = YES;
				COPY_PHASE_STRIP = NO;
				DEBUG_INFORMATION_FORMAT = dwarf;
				ENABLE_STRICT_OBJC_MSGSEND = YES;
				ENABLE_TESTABILITY = YES;
				ENABLE_USER_SCRIPT_SANDBOXING = YES;
				GCC_C_LANGUAGE_STANDARD = gnu17;
				GCC_DYNAMIC_NO_PIC = NO;
				GCC_NO_COMMON_BLOCKS = YES;
				GCC_OPTIMIZATION_LEVEL = 0;
				GCC_PREPROCESSOR_DEFINITIONS = (
					"DEBUG=1",
					"$(inherited)",
				);
				GCC_WARN_64_TO_32_BIT_CONVERSION = YES;
				GCC_WARN_ABOUT_RETURN_TYPE = YES_ERROR;
				GCC_WARN_UNDECLARED_SELECTOR = YES;
				GCC_WARN_UNINITIALIZED_AUTOS = YES_AGGRESSIVE;
				GCC_WARN_UNUSED_FUNCTION = YES;
				GCC_WARN_UNUSED_VARIABLE = YES;
				LOCALIZATION_PREFERS_STRING_CATALOGS = YES;
				MTL_ENABLE_DEBUG_INFO = INCLUDE_SOURCE;
				MTL_FAST_MATH = YES;
				ONLY_ACTIVE_ARCH = YES;
				SWIFT_ACTIVE_COMPILATION_CONDITIONS = "DEBUG $(inherited)";
				SWIFT_OPTIMIZATION_LEVEL = "-Onone";
			};
			name = Debug;
		};
		28A712913033DF0000964C50 /* Release */ = {
			isa = XCBuildConfiguration;
			buildSettings = {
				ALWAYS_SEARCH_USER_PATHS = NO;
				ASSETCATALOG_COMPILER_GENERATE_SWIFT_ASSET_SYMBOL_EXTENSIONS = YES;
				CLANG_ANALYZER_NONNULL = YES;
				CLANG_ANALYZER_NUMBER_OBJECT_CONVERSION = YES_AGGRESSIVE;
				CLANG_CXX_LANGUAGE_STANDARD = "gnu++20";
				CLANG_ENABLE_MODULES = YES;
				CLANG_ENABLE_OBJC_ARC = YES;
				CLANG_ENABLE_OBJC_WEAK = YES;
				CLANG_WARN_BLOCK_CAPTURE_AUTORELEASING = YES;
				CLANG_WARN_BOOL_CONVERSION = YES;
				CLANG_WARN_COMMA = YES;
				CLANG_WARN_CONSTANT_CONVERSION = YES;
				CLANG_WARN_DEPRECATED_OBJC_IMPLEMENTATIONS = YES;
				CLANG_WARN_DIRECT_OBJC_ISA_USAGE = YES_ERROR;
				CLANG_WARN_DOCUMENTATION_COMMENTS = YES;
				CLANG_WARN_EMPTY_BODY = YES;
				CLANG_WARN_ENUM_CONVERSION = YES;
				CLANG_WARN_INFINITE_RECURSION = YES;
				CLANG_WARN_INT_CONVERSION = YES;
				CLANG_WARN_NON_LITERAL_NULL_CONVERSION = YES;
				CLANG_WARN_OBJC_IMPLICIT_RETAIN_SELF = YES;
				CLANG_WARN_OBJC_LITERAL_CONVERSION = YES;
				CLANG_WARN_OBJC_ROOT_CLASS = YES_ERROR;
				CLANG_WARN_QUOTED_INCLUDE_IN_FRAMEWORK_HEADER = YES;
				CLANG_WARN_RANGE_LOOP_ANALYSIS = YES;
				CLANG_WARN_STRICT_PROTOTYPES = YES;
				CLANG_WARN_SUSPICIOUS_MOVE = YES;
				CLANG_WARN_UNGUARDED_AVAILABILITY = YES_AGGRESSIVE;
				CLANG_WARN_UNREACHABLE_CODE = YES;
				CLANG_WARN__DUPLICATE_METHOD_MATCH = YES;
				COPY_PHASE_STRIP = NO;
				DEBUG_INFORMATION_FORMAT = "dwarf-with-dsym";
				ENABLE_NS_ASSERTIONS = NO;
				ENABLE_STRICT_OBJC_MSGSEND = YES;
				ENABLE_USER_SCRIPT_SANDBOXING = YES;
				GCC_C_LANGUAGE_STANDARD = gnu17;
				GCC_NO_COMMON_BLOCKS = YES;
				GCC_WARN_64_TO_32_BIT_CONVERSION = YES;
				GCC_WARN_ABOUT_RETURN_TYPE = YES_ERROR;
				GCC_WARN_UNDECLARED_SELECTOR = YES;
				GCC_WARN_UNINITIALIZED_AUTOS = YES_AGGRESSIVE;
				GCC_WARN_UNUSED_FUNCTION = YES;
				GCC_WARN_UNUSED_VARIABLE = YES;
				LOCALIZATION_PREFERS_STRING_CATALOGS = YES;
				MTL_ENABLE_DEBUG_INFO = NO;
				MTL_FAST_MATH = YES;
				SWIFT_COMPILATION_MODE = wholemodule;
			};
			name = Release;
		};
		28A712933033DF0000964C50 /* Debug */ = {
			isa = XCBuildConfiguration;
			buildSettings = {
				ASSETCATALOG_COMPILER_APPICON_NAME = AppIcon;
				ASSETCATALOG_COMPILER_GLOBAL_ACCENT_COLOR_NAME = AccentColor;
				CODE_SIGN_ENTITLEMENTS = "WestminsterLunch Watch App/WestminsterLunch Watch App.entitlements";
				CODE_SIGN_STYLE = Automatic;
				CURRENT_PROJECT_VERSION = 1;
				DEVELOPMENT_TEAM = 3Z3H95JK6Y;
				ENABLE_PREVIEWS = YES;
				GENERATE_INFOPLIST_FILE = YES;
				INFOPLIST_KEY_CFBundleDisplayName = WestminsterLunch;
				INFOPLIST_KEY_UISupportedInterfaceOrientations = "UIInterfaceOrientationPortrait UIInterfaceOrientationPortraitUpsideDown";
				INFOPLIST_KEY_WKWatchOnly = YES;
				LD_RUNPATH_SEARCH_PATHS = (
					"$(inherited)",
					"@executable_path/Frameworks",
				);
				MARKETING_VERSION = 1.0;
				PRODUCT_BUNDLE_IDENTIFIER = Christopherson.WestminsterLunch.watchkitapp;
				PRODUCT_NAME = "$(TARGET_NAME)";
				SDKROOT = watchos;
				SKIP_INSTALL = YES;
				STRING_CATALOG_GENERATE_SYMBOLS = YES;
				SWIFT_APPROACHABLE_CONCURRENCY = YES;
				SWIFT_DEFAULT_ACTOR_ISOLATION = nonisolated;
				SWIFT_EMIT_LOC_STRINGS = YES;
				SWIFT_UPCOMING_FEATURE_MEMBER_IMPORT_VISIBILITY = YES;
				SWIFT_VERSION = 5.0;
				TARGETED_DEVICE_FAMILY = 4;
				WATCHOS_DEPLOYMENT_TARGET = 26.5;
			};
			name = Debug;
		};
		28A712943033DF0000964C50 /* Release */ = {
			isa = XCBuildConfiguration;
			buildSettings = {
				ASSETCATALOG_COMPILER_APPICON_NAME = AppIcon;
				ASSETCATALOG_COMPILER_GLOBAL_ACCENT_COLOR_NAME = AccentColor;
				CODE_SIGN_ENTITLEMENTS = "WestminsterLunch Watch App/WestminsterLunch Watch App.entitlements";
				CODE_SIGN_STYLE = Automatic;
				CURRENT_PROJECT_VERSION = 1;
				DEVELOPMENT_TEAM = 3Z3H95JK6Y;
				ENABLE_PREVIEWS = YES;
				GENERATE_INFOPLIST_FILE = YES;
				INFOPLIST_KEY_CFBundleDisplayName = WestminsterLunch;
				INFOPLIST_KEY_UISupportedInterfaceOrientations = "UIInterfaceOrientationPortrait UIInterfaceOrientationPortraitUpsideDown";
				INFOPLIST_KEY_WKWatchOnly = YES;
				LD_RUNPATH_SEARCH_PATHS = (
					"$(inherited)",
					"@executable_path/Frameworks",
				);
				MARKETING_VERSION = 1.0;
				PRODUCT_BUNDLE_IDENTIFIER = Christopherson.WestminsterLunch.watchkitapp;
				PRODUCT_NAME = "$(TARGET_NAME)";
				SDKROOT = watchos;
				SKIP_INSTALL = YES;
				STRING_CATALOG_GENERATE_SYMBOLS = YES;
				SWIFT_APPROACHABLE_CONCURRENCY = YES;
				SWIFT_DEFAULT_ACTOR_ISOLATION = nonisolated;
				SWIFT_EMIT_LOC_STRINGS = YES;
				SWIFT_UPCOMING_FEATURE_MEMBER_IMPORT_VISIBILITY = YES;
				SWIFT_VERSION = 5.0;
				TARGETED_DEVICE_FAMILY = 4;
				VALIDATE_PRODUCT = YES;
				WATCHOS_DEPLOYMENT_TARGET = 26.5;
			};
			name = Release;
		};
		28A712973033DF0000964C50 /* Debug */ = {
			isa = XCBuildConfiguration;
			buildSettings = {
				CODE_SIGN_STYLE = Automatic;
				CURRENT_PROJECT_VERSION = 1;
				DEVELOPMENT_TEAM = 3Z3H95JK6Y;
				INFOPLIST_KEY_CFBundleDisplayName = WestminsterLunch;
				MARKETING_VERSION = 1.0;
				PRODUCT_BUNDLE_IDENTIFIER = Christopherson.WestminsterLunch;
				PRODUCT_NAME = "$(TARGET_NAME)";
				SDKROOT = iphoneos;
				SWIFT_APPROACHABLE_CONCURRENCY = YES;
				SWIFT_UPCOMING_FEATURE_MEMBER_IMPORT_VISIBILITY = YES;
				SWIFT_VERSION = 5.0;
			};
			name = Debug;
		};
		28A712983033DF0000964C50 /* Release */ = {
			isa = XCBuildConfiguration;
			buildSettings = {
				CODE_SIGN_STYLE = Automatic;
				CURRENT_PROJECT_VERSION = 1;
				DEVELOPMENT_TEAM = 3Z3H95JK6Y;
				INFOPLIST_KEY_CFBundleDisplayName = WestminsterLunch;
				MARKETING_VERSION = 1.0;
				PRODUCT_BUNDLE_IDENTIFIER = Christopherson.WestminsterLunch;
				PRODUCT_NAME = "$(TARGET_NAME)";
				SDKROOT = iphoneos;
				SWIFT_APPROACHABLE_CONCURRENCY = YES;
				SWIFT_UPCOMING_FEATURE_MEMBER_IMPORT_VISIBILITY = YES;
				SWIFT_VERSION = 5.0;
				VALIDATE_PRODUCT = YES;
			};
			name = Release;
		};
		28A712B23033DF5C00964C50 /* Debug */ = {
			isa = XCBuildConfiguration;
			buildSettings = {
				ASSETCATALOG_COMPILER_GLOBAL_ACCENT_COLOR_NAME = AccentColor;
				ASSETCATALOG_COMPILER_WIDGET_BACKGROUND_COLOR_NAME = WidgetBackground;
				CODE_SIGN_ENTITLEMENTS = MaloneWidgetExtension.entitlements;
				CODE_SIGN_STYLE = Automatic;
				CURRENT_PROJECT_VERSION = 1;
				DEVELOPMENT_TEAM = 3Z3H95JK6Y;
				GENERATE_INFOPLIST_FILE = YES;
				INFOPLIST_FILE = MaloneWidget/Info.plist;
				INFOPLIST_KEY_CFBundleDisplayName = MaloneWidget;
				INFOPLIST_KEY_NSHumanReadableCopyright = "";
				LD_RUNPATH_SEARCH_PATHS = (
					"$(inherited)",
					"@executable_path/Frameworks",
					"@executable_path/../../Frameworks",
					"@executable_path/../../../../Frameworks",
				);
				MARKETING_VERSION = 1.0;
				PRODUCT_BUNDLE_IDENTIFIER = Christopherson.WestminsterLunch.watchkitapp.MaloneWidget;
				PRODUCT_NAME = "$(TARGET_NAME)";
				SDKROOT = watchos;
				SKIP_INSTALL = YES;
				STRING_CATALOG_GENERATE_SYMBOLS = YES;
				SWIFT_APPROACHABLE_CONCURRENCY = YES;
				SWIFT_EMIT_LOC_STRINGS = YES;
				SWIFT_UPCOMING_FEATURE_MEMBER_IMPORT_VISIBILITY = YES;
				SWIFT_VERSION = 5.0;
				TARGETED_DEVICE_FAMILY = 4;
				WATCHOS_DEPLOYMENT_TARGET = 26.5;
			};
			name = Debug;
		};
		28A712B33033DF5C00964C50 /* Release */ = {
			isa = XCBuildConfiguration;
			buildSettings = {
				ASSETCATALOG_COMPILER_GLOBAL_ACCENT_COLOR_NAME = AccentColor;
				ASSETCATALOG_COMPILER_WIDGET_BACKGROUND_COLOR_NAME = WidgetBackground;
				CODE_SIGN_ENTITLEMENTS = MaloneWidgetExtension.entitlements;
				CODE_SIGN_STYLE = Automatic;
				CURRENT_PROJECT_VERSION = 1;
				DEVELOPMENT_TEAM = 3Z3H95JK6Y;
				GENERATE_INFOPLIST_FILE = YES;
				INFOPLIST_FILE = MaloneWidget/Info.plist;
				INFOPLIST_KEY_CFBundleDisplayName = MaloneWidget;
				INFOPLIST_KEY_NSHumanReadableCopyright = "";
				LD_RUNPATH_SEARCH_PATHS = (
					"$(inherited)",
					"@executable_path/Frameworks",
					"@executable_path/../../Frameworks",
					"@executable_path/../../../../Frameworks",
				);
				MARKETING_VERSION = 1.0;
				PRODUCT_BUNDLE_IDENTIFIER = Christopherson.WestminsterLunch.watchkitapp.MaloneWidget;
				PRODUCT_NAME = "$(TARGET_NAME)";
				SDKROOT = watchos;
				SKIP_INSTALL = YES;
				STRING_CATALOG_GENERATE_SYMBOLS = YES;
				SWIFT_APPROACHABLE_CONCURRENCY = YES;
				SWIFT_EMIT_LOC_STRINGS = YES;
				SWIFT_UPCOMING_FEATURE_MEMBER_IMPORT_VISIBILITY = YES;
				SWIFT_VERSION = 5.0;
				TARGETED_DEVICE_FAMILY = 4;
				VALIDATE_PRODUCT = YES;
				WATCHOS_DEPLOYMENT_TARGET = 26.5;
			};
			name = Release;
		};
/* End XCBuildConfiguration section */

/* Begin XCConfigurationList section */
		28A7127C3033DEFD00964C50 /* Build configuration list for PBXProject "WestminsterLunch" */ = {
			isa = XCConfigurationList;
			buildConfigurations = (
				28A712903033DF0000964C50 /* Debug */,
				28A712913033DF0000964C50 /* Release */,
			);
			defaultConfigurationIsVisible = 0;
			defaultConfigurationName = Release;
		};
		28A712923033DF0000964C50 /* Build configuration list for PBXNativeTarget "WestminsterLunch Watch App" */ = {
			isa = XCConfigurationList;
			buildConfigurations = (
				28A712933033DF0000964C50 /* Debug */,
				28A712943033DF0000964C50 /* Release */,
			);
			defaultConfigurationIsVisible = 0;
			defaultConfigurationName = Release;
		};
		28A712963033DF0000964C50 /* Build configuration list for PBXNativeTarget "WestminsterLunch" */ = {
			isa = XCConfigurationList;
			buildConfigurations = (
				28A712973033DF0000964C50 /* Debug */,
				28A712983033DF0000964C50 /* Release */,
			);
			defaultConfigurationIsVisible = 0;
			defaultConfigurationName = Release;
		};
		28A712B13033DF5C00964C50 /* Build configuration list for PBXNativeTarget "MaloneWidgetExtension" */ = {
			isa = XCConfigurationList;
			buildConfigurations = (
				28A712B23033DF5C00964C50 /* Debug */,
				28A712B33033DF5C00964C50 /* Release */,
			);
			defaultConfigurationIsVisible = 0;
			defaultConfigurationName = Release;
		};
/* End XCConfigurationList section */
	};
	rootObject = 28A712793033DEFD00964C50 /* Project object */;
}
